{
 "providers": [
  {
   "ref": "ghcr.io/crossplane-contrib/provider-aws-iam:v2.7.0",
   "digest": "sha256:5883bfa8a85c267278faca8f105d683237e57b1c133c11940df131040d8e3be6"
  },
  {
   "ref": "ghcr.io/crossplane-contrib/provider-aws-rds:v2.7.0",
   "digest": "sha256:16c8fb42f66c5bae371abdabb9ce7f82f53d390a486b0bb51e9842137d83bee7"
  },
  {
   "ref": "ghcr.io/crossplane-contrib/provider-aws-s3:v2.7.0",
   "digest": "sha256:0814e9390a6db1cf98f0e946a9692cae8bfe0fc61a81e6ac40e42b3c2786daaf"
  },
  {
   "ref": "ghcr.io/crossplane-contrib/provider-aws-sqs:v2.7.0",
   "digest": "sha256:2cfadf9f941f79aa0e4628e237cf93fb435be91fc653e34cf98daf955080ef20"
  },
  {
   "ref": "ghcr.io/crossplane-contrib/provider-nop:v0.5.0",
   "digest": "sha256:706f509632bb5ccb85315e31e6ddebbcec4e19546f86819cba0c16ec5bf3dafd"
  }
 ]
}
